// !$*UTF8*$!
{
	archiveVersion = 1;
	classes = {
	};
	objectVersion = 46;
	objects = {

/* Begin PBXBuildFile section */
		8A368CC51AAE08CF00B19D69 /* BookingCell.swift in Sources */ = {isa = PBXBuildFile; fileRef = 8A368CC41AAE08CF00B19D69 /* BookingCell.swift */; };
		8A544D431BE615F300F3E4D4 /* Locksmith.framework in Frameworks */ = {isa = PBXBuildFile; fileRef = 8A9489AB1BE25EF00011BDBA /* Locksmith.framework */; };
		8A544D531BE6169300F3E4D4 /* Locksmith.framework in Frameworks */ = {isa = PBXBuildFile; fileRef = 8A9489AB1BE25EF00011BDBA /* Locksmith.framework */; };
		8A544D541BE6169300F3E4D4 /* Locksmith.framework in Embed Frameworks */ = {isa = PBXBuildFile; fileRef = 8A9489AB1BE25EF00011BDBA /* Locksmith.framework */; settings = {ATTRIBUTES = (CodeSignOnCopy, RemoveHeadersOnCopy, ); }; };
		8A6D21931AB0291F00A7AE56 /* SettingsViewController.swift in Sources */ = {isa = PBXBuildFile; fileRef = 8A6D21921AB0291F00A7AE56 /* SettingsViewController.swift */; };
		8A6D21AC1AB7F58C00A7AE56 /* Menu.swift in Sources */ = {isa = PBXBuildFile; fileRef = 8A6D21AB1AB7F58C00A7AE56 /* Menu.swift */; };
		8A8C9C391AAC1A5700F890A9 /* AppDelegate.swift in Sources */ = {isa = PBXBuildFile; fileRef = 8A8C9C381AAC1A5700F890A9 /* AppDelegate.swift */; };
		8A8C9C3B1AAC1A5700F890A9 /* BookingViewController.swift in Sources */ = {isa = PBXBuildFile; fileRef = 8A8C9C3A1AAC1A5700F890A9 /* BookingViewController.swift */; };
		8A8C9C401AAC1A5700F890A9 /* Main.storyboard in Resources */ = {isa = PBXBuildFile; fileRef = 8A8C9C3E1AAC1A5700F890A9 /* Main.storyboard */; };
		8A8C9C421AAC1A5700F890A9 /* Images.xcassets in Resources */ = {isa = PBXBuildFile; fileRef = 8A8C9C411AAC1A5700F890A9 /* Images.xcassets */; };
		8A8C9C451AAC1A5700F890A9 /* LaunchScreen.xib in Resources */ = {isa = PBXBuildFile; fileRef = 8A8C9C431AAC1A5700F890A9 /* LaunchScreen.xib */; };
		8A8C9C511AAC1A5700F890A9 /* iCook_iosTests.swift in Sources */ = {isa = PBXBuildFile; fileRef = 8A8C9C501AAC1A5700F890A9 /* iCook_iosTests.swift */; };
		8A8C9C691AAC1A9700F890A9 /* Alamofire.framework in Frameworks */ = {isa = PBXBuildFile; fileRef = 8A8C9C621AAC1A8800F890A9 /* Alamofire.framework */; };
		8A8C9C6A1AAC1A9700F890A9 /* Alamofire.framework in Embed Frameworks */ = {isa = PBXBuildFile; fileRef = 8A8C9C621AAC1A8800F890A9 /* Alamofire.framework */; settings = {ATTRIBUTES = (CodeSignOnCopy, RemoveHeadersOnCopy, ); }; };
		8A9489BE1BE260BF0011BDBA /* SwiftyJSON.framework in Frameworks */ = {isa = PBXBuildFile; fileRef = 8A9489711BE25EA00011BDBA /* SwiftyJSON.framework */; };
		8A9489C01BE262430011BDBA /* SwiftyJSON.framework in Frameworks */ = {isa = PBXBuildFile; fileRef = 8A9489711BE25EA00011BDBA /* SwiftyJSON.framework */; };
		8A9489C11BE262430011BDBA /* SwiftyJSON.framework in Embed Frameworks */ = {isa = PBXBuildFile; fileRef = 8A9489711BE25EA00011BDBA /* SwiftyJSON.framework */; settings = {ATTRIBUTES = (CodeSignOnCopy, RemoveHeadersOnCopy, ); }; };
/* End PBXBuildFile section */

/* Begin PBXContainerItemProxy section */
		8A544D551BE6169300F3E4D4 /* PBXContainerItemProxy */ = {
			isa = PBXContainerItemProxy;
			containerPortal = 8A9489A21BE25EF00011BDBA /* Locksmith.xcodeproj */;
			proxyType = 1;
			remoteGlobalIDString = 0EC25C581BA385AA004191AF;
			remoteInfo = "Locksmith iOS";
		};
		8A8C9C4B1AAC1A5700F890A9 /* PBXContainerItemProxy */ = {
			isa = PBXContainerItemProxy;
			containerPortal = 8A8C9C2B1AAC1A5700F890A9 /* Project object */;
			proxyType = 1;
			remoteGlobalIDString = 8A8C9C321AAC1A5700F890A9;
			remoteInfo = iCook.ios;
		};
		8A8C9C611AAC1A8800F890A9 /* PBXContainerItemProxy */ = {
			isa = PBXContainerItemProxy;
			containerPortal = 8A8C9C5A1AAC1A8800F890A9 /* Alamofire.xcodeproj */;
			proxyType = 2;
			remoteGlobalIDString = F8111E3319A95C8B0040E7D1;
			remoteInfo = "Alamofire iOS";
		};
		8A8C9C631AAC1A8800F890A9 /* PBXContainerItemProxy */ = {
			isa = PBXContainerItemProxy;
			containerPortal = 8A8C9C5A1AAC1A8800F890A9 /* Alamofire.xcodeproj */;
			proxyType = 2;
			remoteGlobalIDString = 4DD67C0B1A5C55C900ED2280;
			remoteInfo = "Alamofire OSX";
		};
		8A8C9C651AAC1A8800F890A9 /* PBXContainerItemProxy */ = {
			isa = PBXContainerItemProxy;
			containerPortal = 8A8C9C5A1AAC1A8800F890A9 /* Alamofire.xcodeproj */;
			proxyType = 2;
			remoteGlobalIDString = F8111E3E19A95C8B0040E7D1;
			remoteInfo = "Alamofire iOS Tests";
		};
		8A8C9C671AAC1A8800F890A9 /* PBXContainerItemProxy */ = {
			isa = PBXContainerItemProxy;
			containerPortal = 8A8C9C5A1AAC1A8800F890A9 /* Alamofire.xcodeproj */;
			proxyType = 2;
			remoteGlobalIDString = F829C6B21A7A94F100A2CD59;
			remoteInfo = "Alamofire OSX Tests";
		};
		8A8C9C6B1AAC1A9700F890A9 /* PBXContainerItemProxy */ = {
			isa = PBXContainerItemProxy;
			containerPortal = 8A8C9C5A1AAC1A8800F890A9 /* Alamofire.xcodeproj */;
			proxyType = 1;
			remoteGlobalIDString = F8111E3219A95C8B0040E7D1;
			remoteInfo = "Alamofire iOS";
		};
		8A94895C1BE25DC10011BDBA /* PBXContainerItemProxy */ = {
			isa = PBXContainerItemProxy;
			containerPortal = 8A8C9C5A1AAC1A8800F890A9 /* Alamofire.xcodeproj */;
			proxyType = 2;
			remoteGlobalIDString = 4CF626EF1BA7CB3E0011A099;
			remoteInfo = "Alamofire tvOS";
		};
		8A94895E1BE25DC10011BDBA /* PBXContainerItemProxy */ = {
			isa = PBXContainerItemProxy;
			containerPortal = 8A8C9C5A1AAC1A8800F890A9 /* Alamofire.xcodeproj */;
			proxyType = 2;
			remoteGlobalIDString = 4CF626F81BA7CB3E0011A099;
			remoteInfo = "Alamofire tvOS Tests";
		};
		8A9489601BE25DC10011BDBA /* PBXContainerItemProxy */ = {
			isa = PBXContainerItemProxy;
			containerPortal = 8A8C9C5A1AAC1A8800F890A9 /* Alamofire.xcodeproj */;
			proxyType = 2;
			remoteGlobalIDString = E4202FE01B667AA100C997FB;
			remoteInfo = "Alamofire watchOS";
		};
		8A9489701BE25EA00011BDBA /* PBXContainerItemProxy */ = {
			isa = PBXContainerItemProxy;
			containerPortal = 8A9489661BE25EA00011BDBA /* SwiftyJSON.xcodeproj */;
			proxyType = 2;
			remoteGlobalIDString = 2E4FEFDB19575BE100351305;
			remoteInfo = "SwiftyJSON iOS";
		};
		8A9489721BE25EA00011BDBA /* PBXContainerItemProxy */ = {
			isa = PBXContainerItemProxy;
			containerPortal = 8A9489661BE25EA00011BDBA /* SwiftyJSON.xcodeproj */;
			proxyType = 2;
			remoteGlobalIDString = 2E4FEFE619575BE100351305;
			remoteInfo = "SwiftyJSON iOS Tests";
		};
		8A9489741BE25EA00011BDBA /* PBXContainerItemProxy */ = {
			isa = PBXContainerItemProxy;
			containerPortal = 8A9489661BE25EA00011BDBA /* SwiftyJSON.xcodeproj */;
			proxyType = 2;
			remoteGlobalIDString = 9C7DFC5B1A9102BD005AA3F7;
			remoteInfo = "SwiftyJSON OSX";
		};
		8A9489761BE25EA00011BDBA /* PBXContainerItemProxy */ = {
			isa = PBXContainerItemProxy;
			containerPortal = 8A9489661BE25EA00011BDBA /* SwiftyJSON.xcodeproj */;
			proxyType = 2;
			remoteGlobalIDString = 9C7DFC651A9102BD005AA3F7;
			remoteInfo = "SwiftyJSON OSX Tests";
		};
		8A9489781BE25EA00011BDBA /* PBXContainerItemProxy */ = {
			isa = PBXContainerItemProxy;
			containerPortal = 8A9489661BE25EA00011BDBA /* SwiftyJSON.xcodeproj */;
			proxyType = 2;
			remoteGlobalIDString = E4D7CCE81B9465A700EE7221;
			remoteInfo = "SwiftyJSON watchOS";
		};
		8A94897A1BE25EA00011BDBA /* PBXContainerItemProxy */ = {
			isa = PBXContainerItemProxy;
			containerPortal = 8A9489661BE25EA00011BDBA /* SwiftyJSON.xcodeproj */;
			proxyType = 2;
			remoteGlobalIDString = 7236B4F61BAC14150020529B;
			remoteInfo = "SwiftyJSON tvOS";
		};
		8A94897C1BE25EA00011BDBA /* PBXContainerItemProxy */ = {
			isa = PBXContainerItemProxy;
			containerPortal = 8A9489661BE25EA00011BDBA /* SwiftyJSON.xcodeproj */;
			proxyType = 2;
			remoteGlobalIDString = A8580F741BCF5C5B00DA927B;
			remoteInfo = "SwiftyJSON tvOS Tests";
		};
		8A9489AA1BE25EF00011BDBA /* PBXContainerItemProxy */ = {
			isa = PBXContainerItemProxy;
			containerPortal = 8A9489A21BE25EF00011BDBA /* Locksmith.xcodeproj */;
			proxyType = 2;
			remoteGlobalIDString = 0EC25C591BA385AA004191AF;
			remoteInfo = "Locksmith iOS";
		};
		8A9489AC1BE25EF00011BDBA /* PBXContainerItemProxy */ = {
			isa = PBXContainerItemProxy;
			containerPortal = 8A9489A21BE25EF00011BDBA /* Locksmith.xcodeproj */;
			proxyType = 2;
			remoteGlobalIDString = 0EC25C621BA385AB004191AF;
			remoteInfo = "Locksmith iOS Tests";
		};
		8A9489AE1BE25EF00011BDBA /* PBXContainerItemProxy */ = {
			isa = PBXContainerItemProxy;
			containerPortal = 8A9489A21BE25EF00011BDBA /* Locksmith.xcodeproj */;
			proxyType = 2;
			remoteGlobalIDString = 0EC25C751BA385F6004191AF;
			remoteInfo = "Locksmith OS X";
		};
		8A9489B01BE25EF00011BDBA /* PBXContainerItemProxy */ = {
			isa = PBXContainerItemProxy;
			containerPortal = 8A9489A21BE25EF00011BDBA /* Locksmith.xcodeproj */;
			proxyType = 2;
			remoteGlobalIDString = 0EC25C7E1BA385F6004191AF;
			remoteInfo = "Locksmith OS X Tests";
		};
		8A9489B21BE25EF00011BDBA /* PBXContainerItemProxy */ = {
			isa = PBXContainerItemProxy;
			containerPortal = 8A9489A21BE25EF00011BDBA /* Locksmith.xcodeproj */;
			proxyType = 2;
			remoteGlobalIDString = 0EC25CA71BA39C9F004191AF;
			remoteInfo = "Locksmith watchOS";
		};
		8A9489C21BE262430011BDBA /* PBXContainerItemProxy */ = {
			isa = PBXContainerItemProxy;
			containerPortal = 8A9489661BE25EA00011BDBA /* SwiftyJSON.xcodeproj */;
			proxyType = 1;
			remoteGlobalIDString = 2E4FEFDA19575BE100351305;
			remoteInfo = "SwiftyJSON iOS";
		};
/* End PBXContainerItemProxy section */

/* Begin PBXCopyFilesBuildPhase section */
		8A8C9C6D1AAC1A9700F890A9 /* Embed Frameworks */ = {
			isa = PBXCopyFilesBuildPhase;
			buildActionMask = 2147483647;
			dstPath = "";
			dstSubfolderSpec = 10;
			files = (
				8A544D541BE6169300F3E4D4 /* Locksmith.framework in Embed Frameworks */,
				8A9489C11BE262430011BDBA /* SwiftyJSON.framework in Embed Frameworks */,
				8A8C9C6A1AAC1A9700F890A9 /* Alamofire.framework in Embed Frameworks */,
			);
			name = "Embed Frameworks";
			runOnlyForDeploymentPostprocessing = 0;
		};
/* End PBXCopyFilesBuildPhase section */

/* Begin PBXFileReference section */
		8A368CC41AAE08CF00B19D69 /* BookingCell.swift */ = {isa = PBXFileReference; fileEncoding = 4; lastKnownFileType = sourcecode.swift; path = BookingCell.swift; sourceTree = "<group>"; };
		8A6D21921AB0291F00A7AE56 /* SettingsViewController.swift */ = {isa = PBXFileReference; fileEncoding = 4; lastKnownFileType = sourcecode.swift; path = SettingsViewController.swift; sourceTree = "<group>"; };
		8A6D21AB1AB7F58C00A7AE56 /* Menu.swift */ = {isa = PBXFileReference; fileEncoding = 4; lastKnownFileType = sourcecode.swift; path = Menu.swift; sourceTree = "<group>"; };
		8A8C9C331AAC1A5700F890A9 /* iCook.ios.app */ = {isa = PBXFileReference; explicitFileType = wrapper.application; includeInIndex = 0; path = iCook.ios.app; sourceTree = BUILT_PRODUCTS_DIR; };
		8A8C9C371AAC1A5700F890A9 /* Info.plist */ = {isa = PBXFileReference; lastKnownFileType = text.plist.xml; path = Info.plist; sourceTree = "<group>"; };
		8A8C9C381AAC1A5700F890A9 /* AppDelegate.swift */ = {isa = PBXFileReference; lastKnownFileType = sourcecode.swift; path = AppDelegate.swift; sourceTree = "<group>"; };
		8A8C9C3A1AAC1A5700F890A9 /* BookingViewController.swift */ = {isa = PBXFileReference; lastKnownFileType = sourcecode.swift; path = BookingViewController.swift; sourceTree = "<group>"; };
		8A8C9C3F1AAC1A5700F890A9 /* Base */ = {isa = PBXFileReference; lastKnownFileType = file.storyboard; name = Base; path = Base.lproj/Main.storyboard; sourceTree = "<group>"; };
		8A8C9C411AAC1A5700F890A9 /* Images.xcassets */ = {isa = PBXFileReference; lastKnownFileType = folder.assetcatalog; path = Images.xcassets; sourceTree = "<group>"; };
		8A8C9C441AAC1A5700F890A9 /* Base */ = {isa = PBXFileReference; lastKnownFileType = file.xib; name = Base; path = Base.lproj/LaunchScreen.xib; sourceTree = "<group>"; };
		8A8C9C4A1AAC1A5700F890A9 /* iCook.iosTests.xctest */ = {isa = PBXFileReference; explicitFileType = wrapper.cfbundle; includeInIndex = 0; path = iCook.iosTests.xctest; sourceTree = BUILT_PRODUCTS_DIR; };
		8A8C9C4F1AAC1A5700F890A9 /* Info.plist */ = {isa = PBXFileReference; lastKnownFileType = text.plist.xml; path = Info.plist; sourceTree = "<group>"; };
		8A8C9C501AAC1A5700F890A9 /* iCook_iosTests.swift */ = {isa = PBXFileReference; lastKnownFileType = sourcecode.swift; path = iCook_iosTests.swift; sourceTree = "<group>"; };
		8A8C9C5A1AAC1A8800F890A9 /* Alamofire.xcodeproj */ = {isa = PBXFileReference; lastKnownFileType = "wrapper.pb-project"; name = Alamofire.xcodeproj; path = ../Alamofire/Alamofire.xcodeproj; sourceTree = "<group>"; };
		8A9489661BE25EA00011BDBA /* SwiftyJSON.xcodeproj */ = {isa = PBXFileReference; lastKnownFileType = "wrapper.pb-project"; name = SwiftyJSON.xcodeproj; path = ../SwiftyJSON/SwiftyJSON.xcodeproj; sourceTree = "<group>"; };
		8A9489A21BE25EF00011BDBA /* Locksmith.xcodeproj */ = {isa = PBXFileReference; lastKnownFileType = "wrapper.pb-project"; name = Locksmith.xcodeproj; path = ../Locksmith/Locksmith.xcodeproj; sourceTree = "<group>"; };
/* End PBXFileReference section */

/* Begin PBXFrameworksBuildPhase section */
		8A8C9C301AAC1A5700F890A9 /* Frameworks */ = {
			isa = PBXFrameworksBuildPhase;
			buildActionMask = 2147483647;
			files = (
				8A544D531BE6169300F3E4D4 /* Locksmith.framework in Frameworks */,
				8A544D431BE615F300F3E4D4 /* Locksmith.framework in Frameworks */,
				8A9489C01BE262430011BDBA /* SwiftyJSON.framework in Frameworks */,
				8A9489BE1BE260BF0011BDBA /* SwiftyJSON.framework in Frameworks */,
				8A8C9C691AAC1A9700F890A9 /* Alamofire.framework in Frameworks */,
			);
			runOnlyForDeploymentPostprocessing = 0;
		};
		8A8C9C471AAC1A5700F890A9 /* Frameworks */ = {
			isa = PBXFrameworksBuildPhase;
			buildActionMask = 2147483647;
			files = (
			);
			runOnlyForDeploymentPostprocessing = 0;
		};
/* End PBXFrameworksBuildPhase section */

/* Begin PBXGroup section */
		8A6D219C1AB689D400A7AE56 /* Booking */ = {
			isa = PBXGroup;
			children = (
				8A368CC41AAE08CF00B19D69 /* BookingCell.swift */,
				8A8C9C3A1AAC1A5700F890A9 /* BookingViewController.swift */,
				8A6D21AB1AB7F58C00A7AE56 /* Menu.swift */,
			);
			name = Booking;
			sourceTree = "<group>";
		};
		8A6D219D1AB689E200A7AE56 /* Settings */ = {
			isa = PBXGroup;
			children = (
				8A6D21921AB0291F00A7AE56 /* SettingsViewController.swift */,
			);
			name = Settings;
			sourceTree = "<group>";
		};
		8A8C9C2A1AAC1A5700F890A9 = {
			isa = PBXGroup;
			children = (
				8A9489A21BE25EF00011BDBA /* Locksmith.xcodeproj */,
				8A9489661BE25EA00011BDBA /* SwiftyJSON.xcodeproj */,
				8A8C9C5A1AAC1A8800F890A9 /* Alamofire.xcodeproj */,
				8A8C9C351AAC1A5700F890A9 /* iCook.ios */,
				8A8C9C4D1AAC1A5700F890A9 /* iCook.iosTests */,
				8A8C9C341AAC1A5700F890A9 /* Products */,
			);
			sourceTree = "<group>";
		};
		8A8C9C341AAC1A5700F890A9 /* Products */ = {
			isa = PBXGroup;
			children = (
				8A8C9C331AAC1A5700F890A9 /* iCook.ios.app */,
				8A8C9C4A1AAC1A5700F890A9 /* iCook.iosTests.xctest */,
			);
			name = Products;
			sourceTree = "<group>";
		};
		8A8C9C351AAC1A5700F890A9 /* iCook.ios */ = {
			isa = PBXGroup;
			children = (
				8A8C9C381AAC1A5700F890A9 /* AppDelegate.swift */,
				8A6D219C1AB689D400A7AE56 /* Booking */,
				8A8C9C3E1AAC1A5700F890A9 /* Main.storyboard */,
				8A8C9C411AAC1A5700F890A9 /* Images.xcassets */,
				8A8C9C431AAC1A5700F890A9 /* LaunchScreen.xib */,
				8A8C9C361AAC1A5700F890A9 /* Supporting Files */,
				8A6D219D1AB689E200A7AE56 /* Settings */,
			);
			path = iCook.ios;
			sourceTree = "<group>";
		};
		8A8C9C361AAC1A5700F890A9 /* Supporting Files */ = {
			isa = PBXGroup;
			children = (
				8A8C9C371AAC1A5700F890A9 /* Info.plist */,
			);
			name = "Supporting Files";
			sourceTree = "<group>";
		};
		8A8C9C4D1AAC1A5700F890A9 /* iCook.iosTests */ = {
			isa = PBXGroup;
			children = (
				8A8C9C501AAC1A5700F890A9 /* iCook_iosTests.swift */,
				8A8C9C4E1AAC1A5700F890A9 /* Supporting Files */,
			);
			path = iCook.iosTests;
			sourceTree = "<group>";
		};
		8A8C9C4E1AAC1A5700F890A9 /* Supporting Files */ = {
			isa = PBXGroup;
			children = (
				8A8C9C4F1AAC1A5700F890A9 /* Info.plist */,
			);
			name = "Supporting Files";
			sourceTree = "<group>";
		};
		8A8C9C5B1AAC1A8800F890A9 /* Products */ = {
			isa = PBXGroup;
			children = (
				8A8C9C621AAC1A8800F890A9 /* Alamofire.framework */,
				8A8C9C661AAC1A8800F890A9 /* Alamofire iOS Tests.xctest */,
				8A8C9C641AAC1A8800F890A9 /* Alamofire.framework */,
				8A8C9C681AAC1A8800F890A9 /* Alamofire OSX Tests.xctest */,
				8A94895D1BE25DC10011BDBA /* Alamofire.framework */,
				8A94895F1BE25DC10011BDBA /* Alamofire tvOS Tests.xctest */,
				8A9489611BE25DC10011BDBA /* Alamofire.framework */,
			);
			name = Products;
			sourceTree = "<group>";
		};
		8A9489671BE25EA00011BDBA /* Products */ = {
			isa = PBXGroup;
			children = (
				8A9489711BE25EA00011BDBA /* SwiftyJSON.framework */,
				8A9489731BE25EA00011BDBA /* SwiftyJSON iOS Tests.xctest */,
				8A9489751BE25EA00011BDBA /* SwiftyJSON.framework */,
				8A9489771BE25EA00011BDBA /* SwiftyJSON OSX Tests.xctest */,
				8A9489791BE25EA00011BDBA /* SwiftyJSON.framework */,
				8A94897B1BE25EA00011BDBA /* SwiftyJSON.framework */,
				8A94897D1BE25EA00011BDBA /* SwiftyJSON tvOS Tests.xctest */,
			);
			name = Products;
			sourceTree = "<group>";
		};
		8A9489A31BE25EF00011BDBA /* Products */ = {
			isa = PBXGroup;
			children = (
				8A9489AB1BE25EF00011BDBA /* Locksmith.framework */,
				8A9489AD1BE25EF00011BDBA /* Locksmith iOS Tests.xctest */,
				8A9489AF1BE25EF00011BDBA /* Locksmith.framework */,
				8A9489B11BE25EF00011BDBA /* Locksmith OS X Tests.xctest */,
				8A9489B31BE25EF00011BDBA /* Locksmith.framework */,
			);
			name = Products;
			sourceTree = "<group>";
		};
/* End PBXGroup section */

/* Begin PBXNativeTarget section */
		8A8C9C321AAC1A5700F890A9 /* iCook.ios */ = {
			isa = PBXNativeTarget;
			buildConfigurationList = 8A8C9C541AAC1A5800F890A9 /* Build configuration list for PBXNativeTarget "iCook.ios" */;
			buildPhases = (
				8A8C9C2F1AAC1A5700F890A9 /* Sources */,
				8A8C9C301AAC1A5700F890A9 /* Frameworks */,
				8A8C9C311AAC1A5700F890A9 /* Resources */,
				8A8C9C6D1AAC1A9700F890A9 /* Embed Frameworks */,
			);
			buildRules = (
			);
			dependencies = (
				8A8C9C6C1AAC1A9700F890A9 /* PBXTargetDependency */,
				8A9489C31BE262430011BDBA /* PBXTargetDependency */,
				8A544D561BE6169300F3E4D4 /* PBXTargetDependency */,
			);
			name = iCook.ios;
			productName = iCook.ios;
			productReference = 8A8C9C331AAC1A5700F890A9 /* iCook.ios.app */;
			productType = "com.apple.product-type.application";
		};
		8A8C9C491AAC1A5700F890A9 /* iCook.iosTests */ = {
			isa = PBXNativeTarget;
			buildConfigurationList = 8A8C9C571AAC1A5800F890A9 /* Build configuration list for PBXNativeTarget "iCook.iosTests" */;
			buildPhases = (
				8A8C9C461AAC1A5700F890A9 /* Sources */,
				8A8C9C471AAC1A5700F890A9 /* Frameworks */,
				8A8C9C481AAC1A5700F890A9 /* Resources */,
			);
			buildRules = (
			);
			dependencies = (
				8A8C9C4C1AAC1A5700F890A9 /* PBXTargetDependency */,
			);
			name = iCook.iosTests;
			productName = iCook.iosTests;
			productReference = 8A8C9C4A1AAC1A5700F890A9 /* iCook.iosTests.xctest */;
			productType = "com.apple.product-type.bundle.unit-test";
		};
/* End PBXNativeTarget section */

/* Begin PBXProject section */
		8A8C9C2B1AAC1A5700F890A9 /* Project object */ = {
			isa = PBXProject;
			attributes = {
				KnownAssetTags = (
					New,
				);
				LastUpgradeCheck = 0710;
				ORGANIZATIONNAME = "Ulf Angermann";
				TargetAttributes = {
					8A8C9C321AAC1A5700F890A9 = {
						CreatedOnToolsVersion = 6.1.1;
						DevelopmentTeam = CXY8G76CEJ;
						SystemCapabilities = {
							com.apple.BackgroundModes = {
								enabled = 1;
							};
							com.apple.Push = {
								enabled = 1;
							};
						};
					};
					8A8C9C491AAC1A5700F890A9 = {
						CreatedOnToolsVersion = 6.1.1;
						TestTargetID = 8A8C9C321AAC1A5700F890A9;
					};
				};
			};
			buildConfigurationList = 8A8C9C2E1AAC1A5700F890A9 /* Build configuration list for PBXProject "iCook.ios" */;
			compatibilityVersion = "Xcode 3.2";
			developmentRegion = English;
			hasScannedForEncodings = 0;
			knownRegions = (
				en,
				Base,
			);
			mainGroup = 8A8C9C2A1AAC1A5700F890A9;
			productRefGroup = 8A8C9C341AAC1A5700F890A9 /* Products */;
			projectDirPath = "";
			projectReferences = (
				{
					ProductGroup = 8A8C9C5B1AAC1A8800F890A9 /* Products */;
					ProjectRef = 8A8C9C5A1AAC1A8800F890A9 /* Alamofire.xcodeproj */;
				},
				{
					ProductGroup = 8A9489A31BE25EF00011BDBA /* Products */;
					ProjectRef = 8A9489A21BE25EF00011BDBA /* Locksmith.xcodeproj */;
				},
				{
					ProductGroup = 8A9489671BE25EA00011BDBA /* Products */;
					ProjectRef = 8A9489661BE25EA00011BDBA /* SwiftyJSON.xcodeproj */;
				},
			);
			projectRoot = "";
			targets = (
				8A8C9C321AAC1A5700F890A9 /* iCook.ios */,
				8A8C9C491AAC1A5700F890A9 /* iCook.iosTests */,
			);
		};
/* End PBXProject section */

/* Begin PBXReferenceProxy section */
		8A8C9C621AAC1A8800F890A9 /* Alamofire.framework */ = {
			isa = PBXReferenceProxy;
			fileType = wrapper.framework;
			path = Alamofire.framework;
			remoteRef = 8A8C9C611AAC1A8800F890A9 /* PBXContainerItemProxy */;
			sourceTree = BUILT_PRODUCTS_DIR;
		};
		8A8C9C641AAC1A8800F890A9 /* Alamofire.framework */ = {
			isa = PBXReferenceProxy;
			fileType = wrapper.framework;
			path = Alamofire.framework;
			remoteRef = 8A8C9C631AAC1A8800F890A9 /* PBXContainerItemProxy */;
			sourceTree = BUILT_PRODUCTS_DIR;
		};
		8A8C9C661AAC1A8800F890A9 /* Alamofire iOS Tests.xctest */ = {
			isa = PBXReferenceProxy;
			fileType = wrapper.cfbundle;
			path = "Alamofire iOS Tests.xctest";
			remoteRef = 8A8C9C651AAC1A8800F890A9 /* PBXContainerItemProxy */;
			sourceTree = BUILT_PRODUCTS_DIR;
		};
		8A8C9C681AAC1A8800F890A9 /* Alamofire OSX Tests.xctest */ = {
			isa = PBXReferenceProxy;
			fileType = wrapper.cfbundle;
			path = "Alamofire OSX Tests.xctest";
			remoteRef = 8A8C9C671AAC1A8800F890A9 /* PBXContainerItemProxy */;
			sourceTree = BUILT_PRODUCTS_DIR;
		};
		8A94895D1BE25DC10011BDBA /* Alamofire.framework */ = {
			isa = PBXReferenceProxy;
			fileType = wrapper.framework;
			path = Alamofire.framework;
			remoteRef = 8A94895C1BE25DC10011BDBA /* PBXContainerItemProxy */;
			sourceTree = BUILT_PRODUCTS_DIR;
		};
		8A94895F1BE25DC10011BDBA /* Alamofire tvOS Tests.xctest */ = {
			isa = PBXReferenceProxy;
			fileType = wrapper.cfbundle;
			path = "Alamofire tvOS Tests.xctest";
			remoteRef = 8A94895E1BE25DC10011BDBA /* PBXContainerItemProxy */;
			sourceTree = BUILT_PRODUCTS_DIR;
		};
		8A9489611BE25DC10011BDBA /* Alamofire.framework */ = {
			isa = PBXReferenceProxy;
			fileType = wrapper.framework;
			path = Alamofire.framework;
			remoteRef = 8A9489601BE25DC10011BDBA /* PBXContainerItemProxy */;
			sourceTree = BUILT_PRODUCTS_DIR;
		};
		8A9489711BE25EA00011BDBA /* SwiftyJSON.framework */ = {
			isa = PBXReferenceProxy;
			fileType = wrapper.framework;
			path = SwiftyJSON.framework;
			remoteRef = 8A9489701BE25EA00011BDBA /* PBXContainerItemProxy */;
			sourceTree = BUILT_PRODUCTS_DIR;
		};
		8A9489731BE25EA00011BDBA /* SwiftyJSON iOS Tests.xctest */ = {
			isa = PBXReferenceProxy;
			fileType = wrapper.cfbundle;
			path = "SwiftyJSON iOS Tests.xctest";
			remoteRef = 8A9489721BE25EA00011BDBA /* PBXContainerItemProxy */;
			sourceTree = BUILT_PRODUCTS_DIR;
		};
		8A9489751BE25EA00011BDBA /* SwiftyJSON.framework */ = {
			isa = PBXReferenceProxy;
			fileType = wrapper.framework;
			path = SwiftyJSON.framework;
			remoteRef = 8A9489741BE25EA00011BDBA /* PBXContainerItemProxy */;
			sourceTree = BUILT_PRODUCTS_DIR;
		};
		8A9489771BE25EA00011BDBA /* SwiftyJSON OSX Tests.xctest */ = {
			isa = PBXReferenceProxy;
			fileType = wrapper.cfbundle;
			path = "SwiftyJSON OSX Tests.xctest";
			remoteRef = 8A9489761BE25EA00011BDBA /* PBXContainerItemProxy */;
			sourceTree = BUILT_PRODUCTS_DIR;
		};
		8A9489791BE25EA00011BDBA /* SwiftyJSON.framework */ = {
			isa = PBXReferenceProxy;
			fileType = wrapper.framework;
			path = SwiftyJSON.framework;
			remoteRef = 8A9489781BE25EA00011BDBA /* PBXContainerItemProxy */;
			sourceTree = BUILT_PRODUCTS_DIR;
		};
		8A94897B1BE25EA00011BDBA /* SwiftyJSON.framework */ = {
			isa = PBXReferenceProxy;
			fileType = wrapper.framework;
			path = SwiftyJSON.framework;
			remoteRef = 8A94897A1BE25EA00011BDBA /* PBXContainerItemProxy */;
			sourceTree = BUILT_PRODUCTS_DIR;
		};
		8A94897D1BE25EA00011BDBA /* SwiftyJSON tvOS Tests.xctest */ = {
			isa = PBXReferenceProxy;
			fileType = wrapper.cfbundle;
			path = "SwiftyJSON tvOS Tests.xctest";
			remoteRef = 8A94897C1BE25EA00011BDBA /* PBXContainerItemProxy */;
			sourceTree = BUILT_PRODUCTS_DIR;
		};
		8A9489AB1BE25EF00011BDBA /* Locksmith.framework */ = {
			isa = PBXReferenceProxy;
			fileType = wrapper.framework;
			path = Locksmith.framework;
			remoteRef = 8A9489AA1BE25EF00011BDBA /* PBXContainerItemProxy */;
			sourceTree = BUILT_PRODUCTS_DIR;
		};
		8A9489AD1BE25EF00011BDBA /* Locksmith iOS Tests.xctest */ = {
			isa = PBXReferenceProxy;
			fileType = wrapper.cfbundle;
			path = "Locksmith iOS Tests.xctest";
			remoteRef = 8A9489AC1BE25EF00011BDBA /* PBXContainerItemProxy */;
			sourceTree = BUILT_PRODUCTS_DIR;
		};
		8A9489AF1BE25EF00011BDBA /* Locksmith.framework */ = {
			isa = PBXReferenceProxy;
			fileType = wrapper.framework;
			path = Locksmith.framework;
			remoteRef = 8A9489AE1BE25EF00011BDBA /* PBXContainerItemProxy */;
			sourceTree = BUILT_PRODUCTS_DIR;
		};
		8A9489B11BE25EF00011BDBA /* Locksmith OS X Tests.xctest */ = {
			isa = PBXReferenceProxy;
			fileType = wrapper.cfbundle;
			path = "Locksmith OS X Tests.xctest";
			remoteRef = 8A9489B01BE25EF00011BDBA /* PBXContainerItemProxy */;
			sourceTree = BUILT_PRODUCTS_DIR;
		};
		8A9489B31BE25EF00011BDBA /* Locksmith.framework */ = {
			isa = PBXReferenceProxy;
			fileType = wrapper.framework;
			path = Locksmith.framework;
			remoteRef = 8A9489B21BE25EF00011BDBA /* PBXContainerItemProxy */;
			sourceTree = BUILT_PRODUCTS_DIR;
		};
/* End PBXReferenceProxy section */

/* Begin PBXResourcesBuildPhase section */
		8A8C9C311AAC1A5700F890A9 /* Resources */ = {
			isa = PBXResourcesBuildPhase;
			buildActionMask = 2147483647;
			files = (
				8A8C9C401AAC1A5700F890A9 /* Main.storyboard in Resources */,
				8A8C9C451AAC1A5700F890A9 /* LaunchScreen.xib in Resources */,
				8A8C9C421AAC1A5700F890A9 /* Images.xcassets in Resources */,
			);
			runOnlyForDeploymentPostprocessing = 0;
		};
		8A8C9C481AAC1A5700F890A9 /* Resources */ = {
			isa = PBXResourcesBuildPhase;
			buildActionMask = 2147483647;
			files = (
			);
			runOnlyForDeploymentPostprocessing = 0;
		};
/* End PBXResourcesBuildPhase section */

/* Begin PBXSourcesBuildPhase section */
		8A8C9C2F1AAC1A5700F890A9 /* Sources */ = {
			isa = PBXSourcesBuildPhase;
			buildActionMask = 2147483647;
			files = (
				8A6D21931AB0291F00A7AE56 /* SettingsViewController.swift in Sources */,
				8A6D21AC1AB7F58C00A7AE56 /* Menu.swift in Sources */,
				8A8C9C391AAC1A5700F890A9 /* AppDelegate.swift in Sources */,
				8A8C9C3B1AAC1A5700F890A9 /* BookingViewController.swift in Sources */,
				8A368CC51AAE08CF00B19D69 /* BookingCell.swift in Sources */,
			);
			runOnlyForDeploymentPostprocessing = 0;
		};
		8A8C9C461AAC1A5700F890A9 /* Sources */ = {
			isa = PBXSourcesBuildPhase;
			buildActionMask = 2147483647;
			files = (
				8A8C9C511AAC1A5700F890A9 /* iCook_iosTests.swift in Sources */,
			);
			runOnlyForDeploymentPostprocessing = 0;
		};
/* End PBXSourcesBuildPhase section */

/* Begin PBXTargetDependency section */
		8A544D561BE6169300F3E4D4 /* PBXTargetDependency */ = {
			isa = PBXTargetDependency;
			name = "Locksmith iOS";
			targetProxy = 8A544D551BE6169300F3E4D4 /* PBXContainerItemProxy */;
		};
		8A8C9C4C1AAC1A5700F890A9 /* PBXTargetDependency */ = {
			isa = PBXTargetDependency;
			target = 8A8C9C321AAC1A5700F890A9 /* iCook.ios */;
			targetProxy = 8A8C9C4B1AAC1A5700F890A9 /* PBXContainerItemProxy */;
		};
		8A8C9C6C1AAC1A9700F890A9 /* PBXTargetDependency */ = {
			isa = PBXTargetDependency;
			name = "Alamofire iOS";
			targetProxy = 8A8C9C6B1AAC1A9700F890A9 /* PBXContainerItemProxy */;
		};
		8A9489C31BE262430011BDBA /* PBXTargetDependency */ = {
			isa = PBXTargetDependency;
			name = "SwiftyJSON iOS";
			targetProxy = 8A9489C21BE262430011BDBA /* PBXContainerItemProxy */;
		};
/* End PBXTargetDependency section */

/* Begin PBXVariantGroup section */
		8A8C9C3E1AAC1A5700F890A9 /* Main.storyboard */ = {
			isa = PBXVariantGroup;
			children = (
				8A8C9C3F1AAC1A5700F890A9 /* Base */,
			);
			name = Main.storyboard;
			sourceTree = "<group>";
		};
		8A8C9C431AAC1A5700F890A9 /* LaunchScreen.xib */ = {
			isa = PBXVariantGroup;
			children = (
				8A8C9C441AAC1A5700F890A9 /* Base */,
			);
			name = LaunchScreen.xib;
			sourceTree = "<group>";
		};
/* End PBXVariantGroup section */

/* Begin XCBuildConfiguration section */
		8A8C9C521AAC1A5800F890A9 /* Debug */ = {
			isa = XCBuildConfiguration;
			buildSettings = {
				ALWAYS_SEARCH_USER_PATHS = NO;
				CLANG_CXX_LANGUAGE_STANDARD = "gnu++0x";
				CLANG_CXX_LIBRARY = "libc++";
				CLANG_ENABLE_MODULES = YES;
				CLANG_ENABLE_OBJC_ARC = YES;
				CLANG_WARN_BOOL_CONVERSION = YES;
				CLANG_WARN_CONSTANT_CONVERSION = YES;
				CLANG_WARN_DIRECT_OBJC_ISA_USAGE = YES_ERROR;
				CLANG_WARN_EMPTY_BODY = YES;
				CLANG_WARN_ENUM_CONVERSION = YES;
				CLANG_WARN_INT_CONVERSION = YES;
				CLANG_WARN_OBJC_ROOT_CLASS = YES_ERROR;
				CLANG_WARN_UNREACHABLE_CODE = YES;
				CLANG_WARN__DUPLICATE_METHOD_MATCH = YES;
				CODE_SIGN_IDENTITY = "iPhone Developer: Ulf Angermann (KJ47A2WT8C)";
				"CODE_SIGN_IDENTITY[sdk=iphoneos*]" = "iPhone Developer";
				COPY_PHASE_STRIP = NO;
				ENABLE_STRICT_OBJC_MSGSEND = YES;
				ENABLE_TESTABILITY = NO;
				GCC_C_LANGUAGE_STANDARD = gnu99;
				GCC_DYNAMIC_NO_PIC = NO;
				GCC_OPTIMIZATION_LEVEL = 0;
				GCC_PREPROCESSOR_DEFINITIONS = (
					"DEBUG=1",
					"$(inherited)",
				);
				GCC_SYMBOLS_PRIVATE_EXTERN = NO;
				GCC_WARN_64_TO_32_BIT_CONVERSION = YES;
				GCC_WARN_ABOUT_RETURN_TYPE = YES_ERROR;
				GCC_WARN_UNDECLARED_SELECTOR = YES;
				GCC_WARN_UNINITIALIZED_AUTOS = YES_AGGRESSIVE;
				GCC_WARN_UNUSED_FUNCTION = YES;
				GCC_WARN_UNUSED_VARIABLE = YES;
				IPHONEOS_DEPLOYMENT_TARGET = 8.3;
				MTL_ENABLE_DEBUG_INFO = YES;
				ONLY_ACTIVE_ARCH = YES;
				SDKROOT = iphoneos;
				SWIFT_OPTIMIZATION_LEVEL = "-Onone";
				VALIDATE_PRODUCT = YES;
			};
			name = Debug;
		};
		8A8C9C531AAC1A5800F890A9 /* Release */ = {
			isa = XCBuildConfiguration;
			buildSettings = {
				ALWAYS_SEARCH_USER_PATHS = NO;
				CLANG_CXX_LANGUAGE_STANDARD = "gnu++0x";
				CLANG_CXX_LIBRARY = "libc++";
				CLANG_ENABLE_MODULES = YES;
				CLANG_ENABLE_OBJC_ARC = YES;
				CLANG_WARN_BOOL_CONVERSION = YES;
				CLANG_WARN_CONSTANT_CONVERSION = YES;
				CLANG_WARN_DIRECT_OBJC_ISA_USAGE = YES_ERROR;
				CLANG_WARN_EMPTY_BODY = YES;
				CLANG_WARN_ENUM_CONVERSION = YES;
				CLANG_WARN_INT_CONVERSION = YES;
				CLANG_WARN_OBJC_ROOT_CLASS = YES_ERROR;
				CLANG_WARN_UNREACHABLE_CODE = YES;
				CLANG_WARN__DUPLICATE_METHOD_MATCH = YES;
				CODE_SIGN_IDENTITY = "iPhone Developer: Ulf Angermann (KJ47A2WT8C)";
				"CODE_SIGN_IDENTITY[sdk=iphoneos*]" = "iPhone Developer";
				COPY_PHASE_STRIP = YES;
				ENABLE_NS_ASSERTIONS = NO;
				ENABLE_STRICT_OBJC_MSGSEND = YES;
				GCC_C_LANGUAGE_STANDARD = gnu99;
				GCC_WARN_64_TO_32_BIT_CONVERSION = YES;
				GCC_WARN_ABOUT_RETURN_TYPE = YES_ERROR;
				GCC_WARN_UNDECLARED_SELECTOR = YES;
				GCC_WARN_UNINITIALIZED_AUTOS = YES_AGGRESSIVE;
				GCC_WARN_UNUSED_FUNCTION = YES;
				GCC_WARN_UNUSED_VARIABLE = YES;
				IPHONEOS_DEPLOYMENT_TARGET = 8.3;
				MTL_ENABLE_DEBUG_INFO = NO;
				SDKROOT = iphoneos;
				VALIDATE_PRODUCT = YES;
			};
			name = Release;
		};
		8A8C9C551AAC1A5800F890A9 /* Debug */ = {
			isa = XCBuildConfiguration;
			buildSettings = {
				ASSETCATALOG_COMPILER_APPICON_NAME = AppIcon;
				CODE_SIGN_IDENTITY = "iPhone Developer";
				"CODE_SIGN_IDENTITY[sdk=iphoneos*]" = "iPhone Developer";
				DEPLOYMENT_LOCATION = NO;
				EMBEDDED_CONTENT_CONTAINS_SWIFT = YES;
				ENABLE_TESTABILITY = YES;
				GENERATE_PROFILING_CODE = YES;
				INFOPLIST_FILE = iCook.ios/Info.plist;
				IPHONEOS_DEPLOYMENT_TARGET = 8.3;
				LD_RUNPATH_SEARCH_PATHS = "$(inherited) @executable_path/Frameworks";
				ONLY_ACTIVE_ARCH = YES;
				PRODUCT_BUNDLE_IDENTIFIER = com.innoq.iCook.ios;
				PRODUCT_NAME = "$(TARGET_NAME)";
				PROVISIONING_PROFILE = "";
				TARGETED_DEVICE_FAMILY = 1;
				VALIDATE_PRODUCT = YES;
			};
			name = Debug;
		};
		8A8C9C561AAC1A5800F890A9 /* Release */ = {
			isa = XCBuildConfiguration;
			buildSettings = {
				ASSETCATALOG_COMPILER_APPICON_NAME = AppIcon;
				CODE_SIGN_IDENTITY = "iPhone Developer";
				"CODE_SIGN_IDENTITY[sdk=iphoneos*]" = "iPhone Developer";
				DEPLOYMENT_LOCATION = NO;
				EMBEDDED_CONTENT_CONTAINS_SWIFT = YES;
				ENABLE_TESTABILITY = YES;
				GENERATE_PROFILING_CODE = YES;
				INFOPLIST_FILE = iCook.ios/Info.plist;
				IPHONEOS_DEPLOYMENT_TARGET = 8.3;
				LD_RUNPATH_SEARCH_PATHS = "$(inherited) @executable_path/Frameworks";
				ONLY_ACTIVE_ARCH = YES;
				PRODUCT_BUNDLE_IDENTIFIER = com.innoq.iCook.ios;
				PRODUCT_NAME = "$(TARGET_NAME)";
				PROVISIONING_PROFILE = "";
				"PROVISIONING_PROFILE[sdk=iphoneos*]" = "";
				TARGETED_DEVICE_FAMILY = 1;
				VALIDATE_PRODUCT = YES;
			};
			name = Release;
		};
		8A8C9C581AAC1A5800F890A9 /* Debug */ = {
			isa = XCBuildConfiguration;
			buildSettings = {
				BUNDLE_LOADER = "$(TEST_HOST)";
				FRAMEWORK_SEARCH_PATHS = (
					"$(SDKROOT)/Developer/Library/Frameworks",
					"$(inherited)",
				);
				GCC_PREPROCESSOR_DEFINITIONS = (
					"DEBUG=1",
					"$(inherited)",
				);
				INFOPLIST_FILE = iCook.iosTests/Info.plist;
				IPHONEOS_DEPLOYMENT_TARGET = 9.1;
				LD_RUNPATH_SEARCH_PATHS = "$(inherited) @executable_path/Frameworks @loader_path/Frameworks";
				PRODUCT_BUNDLE_IDENTIFIER = "innoQ-GmbH.$(PRODUCT_NAME:rfc1034identifier)";
				PRODUCT_NAME = "$(TARGET_NAME)";
				TEST_HOST = "$(BUILT_PRODUCTS_DIR)/iCook.ios.app/iCook.ios";
			};
			name = Debug;
		};
		8A8C9C591AAC1A5800F890A9 /* Release */ = {
			isa = XCBuildConfiguration;
			buildSettings = {
				BUNDLE_LOADER = "$(TEST_HOST)";
				FRAMEWORK_SEARCH_PATHS = (
					"$(SDKROOT)/Developer/Library/Frameworks",
					"$(inherited)",
				);
				INFOPLIST_FILE = iCook.iosTests/Info.plist;
				IPHONEOS_DEPLOYMENT_TARGET = 9.1;
				LD_RUNPATH_SEARCH_PATHS = "$(inherited) @executable_path/Frameworks @loader_path/Frameworks";
				PRODUCT_BUNDLE_IDENTIFIER = "innoQ-GmbH.$(PRODUCT_NAME:rfc1034identifier)";
				PRODUCT_NAME = "$(TARGET_NAME)";
				TEST_HOST = "$(BUILT_PRODUCTS_DIR)/iCook.ios.app/iCook.ios";
			};
			name = Release;
		};
/* End XCBuildConfiguration section */

/* Begin XCConfigurationList section */
		8A8C9C2E1AAC1A5700F890A9 /* Build configuration list for PBXProject "iCook.ios" */ = {
			isa = XCConfigurationList;
			buildConfigurations = (
				8A8C9C521AAC1A5800F890A9 /* Debug */,
				8A8C9C531AAC1A5800F890A9 /* Release */,
			);
			defaultConfigurationIsVisible = 0;
			defaultConfigurationName = Debug;
		};
		8A8C9C541AAC1A5800F890A9 /* Build configuration list for PBXNativeTarget "iCook.ios" */ = {
			isa = XCConfigurationList;
			buildConfigurations = (
				8A8C9C551AAC1A5800F890A9 /* Debug */,
				8A8C9C561AAC1A5800F890A9 /* Release */,
			);
			defaultConfigurationIsVisible = 0;
			defaultConfigurationName = Debug;
		};
		8A8C9C571AAC1A5800F890A9 /* Build configuration list for PBXNativeTarget "iCook.iosTests" */ = {
			isa = XCConfigurationList;
			buildConfigurations = (
				8A8C9C581AAC1A5800F890A9 /* Debug */,
				8A8C9C591AAC1A5800F890A9 /* Release */,
			);
			defaultConfigurationIsVisible = 0;
			defaultConfigurationName = Debug;
		};
/* End XCConfigurationList section */
	};
	rootObject = 8A8C9C2B1AAC1A5700F890A9 /* Project object */;
}
